
Microsoft Visual Studio Solution File, Format Version 12.00
# Visual Studio Version 17
VisualStudioVersion = 17.12.35323.107
MinimumVisualStudioVersion = 10.0.40219.1
Project("{8BC9CEB8-8B4A-11D0-8D11-00A0C91BC942}") = "52222222222", "52222222222\52222222222.vcxproj", "{50260801-B51F-4085-A104-F38582D68E53}"
EndProject
Project("{8BC9CEB8-8B4A-11D0-8D11-00A0C91BC942}") = "UnitTest5222222", "UnitTest5222222\UnitTest5222222.vcxproj", "{0546E5BF-B054-4DC2-87FA-774CD78280A6}"
EndProject
Global
	GlobalSection(SolutionConfigurationPlatforms) = preSolution
		Debug|x64 = Debug|x64
		Debug|x86 = Debug|x86
		Release|x64 = Release|x64
		Release|x86 = Release|x86
	EndGlobalSection
	GlobalSection(ProjectConfigurationPlatforms) = postSolution
		{50260801-B51F-4085-A104-F38582D68E53}.Debug|x64.ActiveCfg = Debug|x64
		{50260801-B51F-4085-A104-F38582D68E53}.Debug|x64.Build.0 = Debug|x64
		{50260801-B51F-4085-A104-F38582D68E53}.Debug|x86.ActiveCfg = Debug|Win32
		{50260801-B51F-4085-A104-F38582D68E53}.Debug|x86.Build.0 = Debug|Win32
		{50260801-B51F-4085-A104-F38582D68E53}.Release|x64.ActiveCfg = Release|x64
		{50260801-B51F-4085-A104-F38582D68E53}.Release|x64.Build.0 = Release|x64
		{50260801-B51F-4085-A104-F38582D68E53}.Release|x86.ActiveCfg = Release|Win32
		{50260801-B51F-4085-A104-F38582D68E53}.Release|x86.Build.0 = Release|Win32
		{0546E5BF-B054-4DC2-87FA-774CD78280A6}.Debug|x64.ActiveCfg = Debug|x64
		{0546E5BF-B054-4DC2-87FA-774CD78280A6}.Debug|x64.Build.0 = Debug|x64
		{0546E5BF-B054-4DC2-87FA-774CD78280A6}.Debug|x86.ActiveCfg = Debug|Win32
		{0546E5BF-B054-4DC2-87FA-774CD78280A6}.Debug|x86.Build.0 = Debug|Win32
		{0546E5BF-B054-4DC2-87FA-774CD78280A6}.Release|x64.ActiveCfg = Release|x64
		{0546E5BF-B054-4DC2-87FA-774CD78280A6}.Release|x64.Build.0 = Release|x64
		{0546E5BF-B054-4DC2-87FA-774CD78280A6}.Release|x86.ActiveCfg = Release|Win32
		{0546E5BF-B054-4DC2-87FA-774CD78280A6}.Release|x86.Build.0 = Release|Win32
	EndGlobalSection
	GlobalSection(SolutionProperties) = preSolution
		HideSolutionNode = FALSE
	EndGlobalSection
	GlobalSection(ExtensibilityGlobals) = postSolution
		SolutionGuid = {0C310E6B-5C00-4890-AC00-517C833DC9B9}
	EndGlobalSection
EndGlobal
